{
  "name": "odysseus",
  "lockfileVersion": 3,
  "requires": true,
  "packages": {
    "": {
      "devDependencies": {
        "@antithesishq/bombadil": "^0.7.8"
      }
    },
    "node_modules/@antithesishq/bombadil": {
      "version": "0.7.8",
      "resolved": "https://registry.npmjs.org/@antithesishq/bombadil/-/bombadil-0.7.8.tgz",
      "integrity": "sha512-B2o5l4tUauliN8SNQOcQPXsfU0YSyZUP+3HWtHmKIvTPD4fqzEGl+7v7pEx3G5oJf8BYBckxPO0Pxves7yZfyg==",
      "dev": true,
      "license": "MIT",
      "bin": {
        "bombadil": "bin/bombadil.js"
      }
    }
  }
}
